
Microsoft Visual Studio Solution File, Format Version 12.00
# Visual Studio Version 16
VisualStudioVersion = 16.0.31624.102
MinimumVisualStudioVersion = 10.0.40219.1
Project("{FAE04EC0-301F-11D3-BF4B-00C04F79EFBC}") = "Productos", "Productos.csproj", "{073E8514-EA0A-4E68-BB28-F4BE5C9E3647}"
EndProject
Global
	GlobalSection(SolutionConfigurationPlatforms) = preSolution
		Debug|Any CPU = Debug|Any CPU
		Release|Any CPU = Release|Any CPU
	EndGlobalSection
	GlobalSection(ProjectConfigurationPlatforms) = postSolution
		{073E8514-EA0A-4E68-BB28-F4BE5C9E3647}.Debug|Any CPU.ActiveCfg = Debug|Any CPU
		{073E8514-EA0A-4E68-BB28-F4BE5C9E3647}.Debug|Any CPU.Build.0 = Debug|Any CPU
		{073E8514-EA0A-4E68-BB28-F4BE5C9E3647}.Release|Any CPU.ActiveCfg = Release|Any CPU
		{073E8514-EA0A-4E68-BB28-F4BE5C9E3647}.Release|Any CPU.Build.0 = Release|Any CPU
	EndGlobalSection
	GlobalSection(SolutionProperties) = preSolution
		HideSolutionNode = FALSE
	EndGlobalSection
	GlobalSection(ExtensibilityGlobals) = postSolution
		SolutionGuid = {8AD9530F-E1B5-4CEA-995C-8F4DD44ECCB4}
	EndGlobalSection
EndGlobal
